{
  "requires": true,
  "lockfileVersion": 1,
  "dependencies": {
    "dotnettools": {
      "version": "1.6.1",
      "resolved": "https://registry.npmjs.org/dotnettools/-/dotnettools-1.6.1.tgz",
      "integrity": "sha512-5IA/MDE0KxywycYqZVZOxt4O1nWn8sT+9phK2CtS9POil2VuggiXDleueoViBtI3GaYQTK8G8t9dg9Y/a9vXPQ=="
    }
  }
}
